
Microsoft Visual Studio Solution File, Format Version 12.00
# Visual Studio 14
VisualStudioVersion = 14.0.23107.0
MinimumVisualStudioVersion = 10.0.40219.1
Project("{FAE04EC0-301F-11D3-BF4B-00C04F79EFBC}") = "Algorithms", "Algorithms\Algorithms.csproj", "{84E21269-7F9F-400C-96B4-860B9D1C8568}"
EndProject
Project("{FAE04EC0-301F-11D3-BF4B-00C04F79EFBC}") = "AlgorithmsTests", "AlgorithmsTests\AlgorithmsTests.csproj", "{A493BD5A-287C-420F-B1CE-E28AF51A50BF}"
EndProject
Global
	GlobalSection(SolutionConfigurationPlatforms) = preSolution
		Debug|Any CPU = Debug|Any CPU
		Release|Any CPU = Release|Any CPU
	EndGlobalSection
	GlobalSection(ProjectConfigurationPlatforms) = postSolution
		{84E21269-7F9F-400C-96B4-860B9D1C8568}.Debug|Any CPU.ActiveCfg = Debug|Any CPU
		{84E21269-7F9F-400C-96B4-860B9D1C8568}.Debug|Any CPU.Build.0 = Debug|Any CPU
		{84E21269-7F9F-400C-96B4-860B9D1C8568}.Release|Any CPU.ActiveCfg = Release|Any CPU
		{84E21269-7F9F-400C-96B4-860B9D1C8568}.Release|Any CPU.Build.0 = Release|Any CPU
		{A493BD5A-287C-420F-B1CE-E28AF51A50BF}.Debug|Any CPU.ActiveCfg = Debug|Any CPU
		{A493BD5A-287C-420F-B1CE-E28AF51A50BF}.Debug|Any CPU.Build.0 = Debug|Any CPU
		{A493BD5A-287C-420F-B1CE-E28AF51A50BF}.Release|Any CPU.ActiveCfg = Release|Any CPU
		{A493BD5A-287C-420F-B1CE-E28AF51A50BF}.Release|Any CPU.Build.0 = Release|Any CPU
	EndGlobalSection
	GlobalSection(SolutionProperties) = preSolution
		HideSolutionNode = FALSE
	EndGlobalSection
EndGlobal
